
Microsoft Visual Studio Solution File, Format Version 12.00
# Visual Studio Version 16
VisualStudioVersion = 16.0.29123.88
MinimumVisualStudioVersion = 10.0.40219.1
Project("{FAE04EC0-301F-11D3-BF4B-00C04F79EFBC}") = "EmployeeCars", "EmployeeCars\EmployeeCars.csproj", "{FD50C25F-48F6-440C-BA18-EFEC8B3964A0}"
EndProject
Global
	GlobalSection(SolutionConfigurationPlatforms) = preSolution
		Debug|Any CPU = Debug|Any CPU
		Release|Any CPU = Release|Any CPU
	EndGlobalSection
	GlobalSection(ProjectConfigurationPlatforms) = postSolution
		{FD50C25F-48F6-440C-BA18-EFEC8B3964A0}.Debug|Any CPU.ActiveCfg = Debug|Any CPU
		{FD50C25F-48F6-440C-BA18-EFEC8B3964A0}.Debug|Any CPU.Build.0 = Debug|Any CPU
		{FD50C25F-48F6-440C-BA18-EFEC8B3964A0}.Release|Any CPU.ActiveCfg = Release|Any CPU
		{FD50C25F-48F6-440C-BA18-EFEC8B3964A0}.Release|Any CPU.Build.0 = Release|Any CPU
	EndGlobalSection
	GlobalSection(SolutionProperties) = preSolution
		HideSolutionNode = FALSE
	EndGlobalSection
	GlobalSection(ExtensibilityGlobals) = postSolution
		SolutionGuid = {DE7EED20-F480-44E8-84B8-CDBD9858ED5A}
	EndGlobalSection
EndGlobal
